{
  "name": "ui-fonts",
  "version": "0.0.0",
  "dependencies": {
    "coffee-script": {
      "version": "1.7.1",
      "from": "coffee-script@~1.7.1",
      "resolved": "https://registry.npmjs.org/coffee-script/-/coffee-script-1.7.1.tgz",
      "dependencies": {
        "mkdirp": {
          "version": "0.3.5",
          "from": "mkdirp@~0.3.5",
          "resolved": "https://registry.npmjs.org/mkdirp/-/mkdirp-0.3.5.tgz"
        }
      }
    },
    "handlebars": {
      "version": "2.0.0-alpha.4",
      "from": "handlebars@~2.0.0-alpha.4",
      "resolved": "https://registry.npmjs.org/handlebars/-/handlebars-2.0.0-alpha.4.tgz",
      "dependencies": {
        "optimist": {
          "version": "0.3.7",
          "from": "optimist@~0.3",
          "resolved": "https://registry.npmjs.org/optimist/-/optimist-0.3.7.tgz",
          "dependencies": {
            "wordwrap": {
              "version": "0.0.2",
              "from": "wordwrap@~0.0.2",
              "resolved": "https://registry.npmjs.org/wordwrap/-/wordwrap-0.0.2.tgz"
            }
          }
        },
        "uglify-js": {
          "version": "2.3.6",
          "from": "uglify-js@~2.3",
          "resolved": "https://registry.npmjs.org/uglify-js/-/uglify-js-2.3.6.tgz",
          "dependencies": {
            "async": {
              "version": "0.2.10",
              "from": "async@~0.2.6",
              "resolved": "https://registry.npmjs.org/async/-/async-0.2.10.tgz"
            },
            "source-map": {
              "version": "0.1.33",
              "from": "source-map@~0.1.7",
              "resolved": "https://registry.npmjs.org/source-map/-/source-map-0.1.33.tgz",
              "dependencies": {
                "amdefine": {
                  "version": "0.1.0",
                  "from": "amdefine@>=0.0.4",
                  "resolved": "https://registry.npmjs.org/amdefine/-/amdefine-0.1.0.tgz"
                }
              }
            }
          }
        }
      }
    }
  }
}
