{
  "name": "ui-fonts",
  "version": "0.0.0",
  "dependencies": {
    "coffee-script": {
      "version": "1.7.1",
      "from": "coffee-script@~1.7.1",
      "resolved": "https://registry.npmjs.org/coffee-script/-/coffee-script-1.7.1.tgz",
      "dependencies": {
        "mkdirp": {
          "version": "0.3.5",
          "from": "mkdirp@~0.3.5",
          "resolved": "https://registry.npmjs.org/mkdirp/-/mkdirp-0.3.5.tgz"
        }
      }
    },
    "event-stream": {
      "version": "3.1.5",
      "from": "event-stream@~3.1.5",
      "resolved": "https://registry.npmjs.org/event-stream/-/event-stream-3.1.5.tgz",
      "dependencies": {
        "through": {
          "version": "2.3.4",
          "from": "through@~2.3.1",
          "resolved": "https://registry.npmjs.org/through/-/through-2.3.4.tgz"
        },
        "duplexer": {
          "version": "0.1.1",
          "from": "duplexer@~0.1.1",
          "resolved": "https://registry.npmjs.org/duplexer/-/duplexer-0.1.1.tgz"
        },
        "from": {
          "version": "0.1.3",
          "from": "from@~0",
          "resolved": "https://registry.npmjs.org/from/-/from-0.1.3.tgz"
        },
        "map-stream": {
          "version": "0.1.0",
          "from": "map-stream@~0.1.0",
          "resolved": "https://registry.npmjs.org/map-stream/-/map-stream-0.1.0.tgz"
        },
        "pause-stream": {
          "version": "0.0.11",
          "from": "pause-stream@0.0.11",
          "resolved": "https://registry.npmjs.org/pause-stream/-/pause-stream-0.0.11.tgz"
        },
        "split": {
          "version": "0.2.10",
          "from": "split@0.2",
          "resolved": "https://registry.npmjs.org/split/-/split-0.2.10.tgz"
        },
        "stream-combiner": {
          "version": "0.0.4",
          "from": "stream-combiner@~0.0.4",
          "resolved": "https://registry.npmjs.org/stream-combiner/-/stream-combiner-0.0.4.tgz"
        }
      }
    },
    "gulp": {
      "version": "3.6.2",
      "from": "gulp@~3.6.2",
      "resolved": "https://registry.npmjs.org/gulp/-/gulp-3.6.2.tgz",
      "dependencies": {
        "archy": {
          "version": "0.0.2",
          "from": "archy@^0.0.2",
          "resolved": "https://registry.npmjs.org/archy/-/archy-0.0.2.tgz"
        },
        "chalk": {
          "version": "0.4.0",
          "from": "chalk@^0.4.0",
          "resolved": "https://registry.npmjs.org/chalk/-/chalk-0.4.0.tgz",
          "dependencies": {
            "has-color": {
              "version": "0.1.7",
              "from": "has-color@~0.1.0",
              "resolved": "https://registry.npmjs.org/has-color/-/has-color-0.1.7.tgz"
            },
            "ansi-styles": {
              "version": "1.0.0",
              "from": "ansi-styles@~1.0.0",
              "resolved": "https://registry.npmjs.org/ansi-styles/-/ansi-styles-1.0.0.tgz"
            },
            "strip-ansi": {
              "version": "0.1.1",
              "from": "strip-ansi@~0.1.0",
              "resolved": "https://registry.npmjs.org/strip-ansi/-/strip-ansi-0.1.1.tgz"
            }
          }
        },
        "deprecated": {
          "version": "0.0.1",
          "from": "deprecated@^0.0.1",
          "resolved": "https://registry.npmjs.org/deprecated/-/deprecated-0.0.1.tgz"
        },
        "gulp-util": {
          "version": "2.2.16",
          "from": "gulp-util@^2.2.0",
          "resolved": "https://registry.npmjs.org/gulp-util/-/gulp-util-2.2.16.tgz",
          "dependencies": {
            "lodash.template": {
              "version": "2.4.1",
              "from": "lodash.template@^2.4.1",
              "resolved": "https://registry.npmjs.org/lodash.template/-/lodash.template-2.4.1.tgz",
              "dependencies": {
                "lodash.defaults": {
                  "version": "2.4.1",
                  "from": "lodash.defaults@~2.4.1",
                  "resolved": "https://registry.npmjs.org/lodash.defaults/-/lodash.defaults-2.4.1.tgz",
                  "dependencies": {
                    "lodash._objecttypes": {
                      "version": "2.4.1",
                      "from": "lodash._objecttypes@~2.4.1",
                      "resolved": "https://registry.npmjs.org/lodash._objecttypes/-/lodash._objecttypes-2.4.1.tgz"
                    }
                  }
                },
                "lodash.escape": {
                  "version": "2.4.1",
                  "from": "lodash.escape@~2.4.1",
                  "resolved": "https://registry.npmjs.org/lodash.escape/-/lodash.escape-2.4.1.tgz",
                  "dependencies": {
                    "lodash._escapehtmlchar": {
                      "version": "2.4.1",
                      "from": "lodash._escapehtmlchar@~2.4.1",
                      "resolved": "https://registry.npmjs.org/lodash._escapehtmlchar/-/lodash._escapehtmlchar-2.4.1.tgz",
                      "dependencies": {
                        "lodash._htmlescapes": {
                          "version": "2.4.1",
                          "from": "lodash._htmlescapes@~2.4.1",
                          "resolved": "https://registry.npmjs.org/lodash._htmlescapes/-/lodash._htmlescapes-2.4.1.tgz"
                        }
                      }
                    },
                    "lodash._reunescapedhtml": {
                      "version": "2.4.1",
                      "from": "lodash._reunescapedhtml@~2.4.1",
                      "resolved": "https://registry.npmjs.org/lodash._reunescapedhtml/-/lodash._reunescapedhtml-2.4.1.tgz",
                      "dependencies": {
                        "lodash._htmlescapes": {
                          "version": "2.4.1",
                          "from": "lodash._htmlescapes@~2.4.1",
                          "resolved": "https://registry.npmjs.org/lodash._htmlescapes/-/lodash._htmlescapes-2.4.1.tgz"
                        }
                      }
                    }
                  }
                },
                "lodash._escapestringchar": {
                  "version": "2.4.1",
                  "from": "lodash._escapestringchar@~2.4.1",
                  "resolved": "https://registry.npmjs.org/lodash._escapestringchar/-/lodash._escapestringchar-2.4.1.tgz"
                },
                "lodash.keys": {
                  "version": "2.4.1",
                  "from": "lodash.keys@~2.4.1",
                  "resolved": "https://registry.npmjs.org/lodash.keys/-/lodash.keys-2.4.1.tgz",
                  "dependencies": {
                    "lodash._isnative": {
                      "version": "2.4.1",
                      "from": "lodash._isnative@~2.4.1",
                      "resolved": "https://registry.npmjs.org/lodash._isnative/-/lodash._isnative-2.4.1.tgz"
                    },
                    "lodash.isobject": {
                      "version": "2.4.1",
                      "from": "lodash.isobject@~2.4.1",
                      "resolved": "https://registry.npmjs.org/lodash.isobject/-/lodash.isobject-2.4.1.tgz",
                      "dependencies": {
                        "lodash._objecttypes": {
                          "version": "2.4.1",
                          "from": "lodash._objecttypes@~2.4.1",
                          "resolved": "https://registry.npmjs.org/lodash._objecttypes/-/lodash._objecttypes-2.4.1.tgz"
                        }
                      }
                    },
                    "lodash._shimkeys": {
                      "version": "2.4.1",
                      "from": "lodash._shimkeys@~2.4.1",
                      "resolved": "https://registry.npmjs.org/lodash._shimkeys/-/lodash._shimkeys-2.4.1.tgz",
                      "dependencies": {
                        "lodash._objecttypes": {
                          "version": "2.4.1",
                          "from": "lodash._objecttypes@~2.4.1",
                          "resolved": "https://registry.npmjs.org/lodash._objecttypes/-/lodash._objecttypes-2.4.1.tgz"
                        }
                      }
                    }
                  }
                },
                "lodash.templatesettings": {
                  "version": "2.4.1",
                  "from": "lodash.templatesettings@~2.4.1",
                  "resolved": "https://registry.npmjs.org/lodash.templatesettings/-/lodash.templatesettings-2.4.1.tgz"
                },
                "lodash.values": {
                  "version": "2.4.1",
                  "from": "lodash.values@~2.4.1",
                  "resolved": "https://registry.npmjs.org/lodash.values/-/lodash.values-2.4.1.tgz"
                }
              }
            },
            "lodash._reinterpolate": {
              "version": "2.4.1",
              "from": "lodash._reinterpolate@^2.4.1",
              "resolved": "https://registry.npmjs.org/lodash._reinterpolate/-/lodash._reinterpolate-2.4.1.tgz"
            },
            "vinyl": {
              "version": "0.2.3",
              "from": "vinyl@^0.2.1",
              "resolved": "https://registry.npmjs.org/vinyl/-/vinyl-0.2.3.tgz",
              "dependencies": {
                "clone-stats": {
                  "version": "0.0.1",
                  "from": "clone-stats@~0.0.1",
                  "resolved": "https://registry.npmjs.org/clone-stats/-/clone-stats-0.0.1.tgz"
                }
              }
            },
            "through2": {
              "version": "0.4.2",
              "from": "through2@^0.4.0",
              "resolved": "https://registry.npmjs.org/through2/-/through2-0.4.2.tgz",
              "dependencies": {
                "readable-stream": {
                  "version": "1.0.27-1",
                  "from": "readable-stream@~1.0.17",
                  "resolved": "https://registry.npmjs.org/readable-stream/-/readable-stream-1.0.27-1.tgz",
                  "dependencies": {
                    "core-util-is": {
                      "version": "1.0.1",
                      "from": "core-util-is@~1.0.0",
                      "resolved": "https://registry.npmjs.org/core-util-is/-/core-util-is-1.0.1.tgz"
                    },
                    "isarray": {
                      "version": "0.0.1",
                      "from": "isarray@0.0.1",
                      "resolved": "https://registry.npmjs.org/isarray/-/isarray-0.0.1.tgz"
                    },
                    "string_decoder": {
                      "version": "0.10.25-1",
                      "from": "string_decoder@~0.10.x",
                      "resolved": "https://registry.npmjs.org/string_decoder/-/string_decoder-0.10.25-1.tgz"
                    },
                    "inherits": {
                      "version": "2.0.1",
                      "from": "inherits@~2.0.1",
                      "resolved": "https://registry.npmjs.org/inherits/-/inherits-2.0.1.tgz"
                    }
                  }
                },
                "xtend": {
                  "version": "2.1.2",
                  "from": "xtend@~2.1.1",
                  "resolved": "https://registry.npmjs.org/xtend/-/xtend-2.1.2.tgz",
                  "dependencies": {
                    "object-keys": {
                      "version": "0.4.0",
                      "from": "object-keys@~0.4.0",
                      "resolved": "https://registry.npmjs.org/object-keys/-/object-keys-0.4.0.tgz"
                    }
                  }
                }
              }
            },
            "dateformat": {
              "version": "1.0.8-1.2.3",
              "from": "dateformat@^1.0.7-1.2.3",
              "resolved": "https://registry.npmjs.org/dateformat/-/dateformat-1.0.8-1.2.3.tgz"
            },
            "multipipe": {
              "version": "0.1.1",
              "from": "multipipe@^0.1.0",
              "resolved": "https://registry.npmjs.org/multipipe/-/multipipe-0.1.1.tgz",
              "dependencies": {
                "duplexer2": {
                  "version": "0.0.2",
                  "from": "duplexer2@0.0.2",
                  "resolved": "https://registry.npmjs.org/duplexer2/-/duplexer2-0.0.2.tgz",
                  "dependencies": {
                    "readable-stream": {
                      "version": "1.1.13-1",
                      "from": "readable-stream@~1.1.9",
                      "resolved": "https://registry.npmjs.org/readable-stream/-/readable-stream-1.1.13-1.tgz",
                      "dependencies": {
                        "core-util-is": {
                          "version": "1.0.1",
                          "from": "core-util-is@~1.0.0",
                          "resolved": "https://registry.npmjs.org/core-util-is/-/core-util-is-1.0.1.tgz"
                        },
                        "isarray": {
                          "version": "0.0.1",
                          "from": "isarray@0.0.1",
                          "resolved": "https://registry.npmjs.org/isarray/-/isarray-0.0.1.tgz"
                        },
                        "string_decoder": {
                          "version": "0.10.25-1",
                          "from": "string_decoder@~0.10.x",
                          "resolved": "https://registry.npmjs.org/string_decoder/-/string_decoder-0.10.25-1.tgz"
                        },
                        "inherits": {
                          "version": "2.0.1",
                          "from": "inherits@~2.0.1",
                          "resolved": "https://registry.npmjs.org/inherits/-/inherits-2.0.1.tgz"
                        }
                      }
                    }
                  }
                }
              }
            },
            "minimist": {
              "version": "0.1.0",
              "from": "minimist@^0.1.0",
              "resolved": "https://registry.npmjs.org/minimist/-/minimist-0.1.0.tgz"
            }
          }
        },
        "liftoff": {
          "version": "0.9.8",
          "from": "liftoff@^0.9.3",
          "resolved": "https://registry.npmjs.org/liftoff/-/liftoff-0.9.8.tgz",
          "dependencies": {
            "findup-sync": {
              "version": "0.1.3",
              "from": "findup-sync@~0.1.2",
              "resolved": "https://registry.npmjs.org/findup-sync/-/findup-sync-0.1.3.tgz",
              "dependencies": {
                "glob": {
                  "version": "3.2.11",
                  "from": "glob@~3.2.9",
                  "resolved": "https://registry.npmjs.org/glob/-/glob-3.2.11.tgz",
                  "dependencies": {
                    "inherits": {
                      "version": "2.0.1",
                      "from": "inherits@2",
                      "resolved": "https://registry.npmjs.org/inherits/-/inherits-2.0.1.tgz"
                    },
                    "minimatch": {
                      "version": "0.3.0",
                      "from": "minimatch@0.3",
                      "resolved": "https://registry.npmjs.org/minimatch/-/minimatch-0.3.0.tgz",
                      "dependencies": {
                        "lru-cache": {
                          "version": "2.5.0",
                          "from": "lru-cache@2",
                          "resolved": "https://registry.npmjs.org/lru-cache/-/lru-cache-2.5.0.tgz"
                        },
                        "sigmund": {
                          "version": "1.0.0",
                          "from": "sigmund@~1.0.0",
                          "resolved": "https://registry.npmjs.org/sigmund/-/sigmund-1.0.0.tgz"
                        }
                      }
                    }
                  }
                },
                "lodash": {
                  "version": "2.4.1",
                  "from": "lodash@~2.4.1",
                  "resolved": "https://registry.npmjs.org/lodash/-/lodash-2.4.1.tgz"
                }
              }
            },
            "resolve": {
              "version": "0.6.3",
              "from": "resolve@~0.6.1",
              "resolved": "https://registry.npmjs.org/resolve/-/resolve-0.6.3.tgz"
            },
            "minimist": {
              "version": "0.0.10",
              "from": "minimist@~0.0.5",
              "resolved": "https://registry.npmjs.org/minimist/-/minimist-0.0.10.tgz"
            },
            "extend": {
              "version": "1.2.1",
              "from": "extend@~1.2.1",
              "resolved": "https://registry.npmjs.org/extend/-/extend-1.2.1.tgz"
            }
          }
        },
        "orchestrator": {
          "version": "0.3.3",
          "from": "orchestrator@^0.3.0",
          "resolved": "https://registry.npmjs.org/orchestrator/-/orchestrator-0.3.3.tgz",
          "dependencies": {
            "sequencify": {
              "version": "0.0.7",
              "from": "sequencify@~0.0.7",
              "resolved": "https://registry.npmjs.org/sequencify/-/sequencify-0.0.7.tgz"
            }
          }
        },
        "pretty-hrtime": {
          "version": "0.2.1",
          "from": "pretty-hrtime@^0.2.0",
          "resolved": "https://registry.npmjs.org/pretty-hrtime/-/pretty-hrtime-0.2.1.tgz"
        },
        "semver": {
          "version": "2.3.0",
          "from": "semver@^2.2.1",
          "resolved": "https://registry.npmjs.org/semver/-/semver-2.3.0.tgz"
        },
        "tildify": {
          "version": "0.2.0",
          "from": "tildify@^0.2.0",
          "resolved": "https://registry.npmjs.org/tildify/-/tildify-0.2.0.tgz"
        },
        "vinyl-fs": {
          "version": "0.1.4",
          "from": "vinyl-fs@^0.1.3",
          "resolved": "https://registry.npmjs.org/vinyl-fs/-/vinyl-fs-0.1.4.tgz",
          "dependencies": {
            "vinyl": {
              "version": "0.2.3",
              "from": "vinyl@^0.2.1",
              "resolved": "https://registry.npmjs.org/vinyl/-/vinyl-0.2.3.tgz",
              "dependencies": {
                "clone-stats": {
                  "version": "0.0.1",
                  "from": "clone-stats@~0.0.1",
                  "resolved": "https://registry.npmjs.org/clone-stats/-/clone-stats-0.0.1.tgz"
                }
              }
            },
            "glob-stream": {
              "version": "3.1.11",
              "from": "glob-stream@^3.1.5",
              "resolved": "https://registry.npmjs.org/glob-stream/-/glob-stream-3.1.11.tgz",
              "dependencies": {
                "glob": {
                  "version": "4.0.2",
                  "from": "glob@^4.0.0",
                  "resolved": "https://registry.npmjs.org/glob/-/glob-4.0.2.tgz",
                  "dependencies": {
                    "inherits": {
                      "version": "2.0.1",
                      "from": "inherits@2",
                      "resolved": "https://registry.npmjs.org/inherits/-/inherits-2.0.1.tgz"
                    },
                    "once": {
                      "version": "1.3.0",
                      "from": "once@^1.3.0",
                      "resolved": "https://registry.npmjs.org/once/-/once-1.3.0.tgz"
                    }
                  }
                },
                "minimatch": {
                  "version": "0.3.0",
                  "from": "minimatch@0.3",
                  "resolved": "https://registry.npmjs.org/minimatch/-/minimatch-0.3.0.tgz",
                  "dependencies": {
                    "lru-cache": {
                      "version": "2.5.0",
                      "from": "lru-cache@2",
                      "resolved": "https://registry.npmjs.org/lru-cache/-/lru-cache-2.5.0.tgz"
                    },
                    "sigmund": {
                      "version": "1.0.0",
                      "from": "sigmund@~1.0.0",
                      "resolved": "https://registry.npmjs.org/sigmund/-/sigmund-1.0.0.tgz"
                    }
                  }
                },
                "ordered-read-streams": {
                  "version": "0.0.7",
                  "from": "ordered-read-streams@^0.0.7",
                  "resolved": "https://registry.npmjs.org/ordered-read-streams/-/ordered-read-streams-0.0.7.tgz"
                },
                "glob2base": {
                  "version": "0.0.9",
                  "from": "glob2base@^0.0.9",
                  "resolved": "https://registry.npmjs.org/glob2base/-/glob2base-0.0.9.tgz",
                  "dependencies": {
                    "lodash.findindex": {
                      "version": "2.4.1",
                      "from": "lodash.findindex@^2.4.1",
                      "resolved": "https://registry.npmjs.org/lodash.findindex/-/lodash.findindex-2.4.1.tgz",
                      "dependencies": {
                        "lodash.createcallback": {
                          "version": "2.4.1",
                          "from": "lodash.createcallback@~2.4.1",
                          "resolved": "https://registry.npmjs.org/lodash.createcallback/-/lodash.createcallback-2.4.1.tgz",
                          "dependencies": {
                            "lodash._basecreatecallback": {
                              "version": "2.4.1",
                              "from": "lodash._basecreatecallback@~2.4.1",
                              "resolved": "https://registry.npmjs.org/lodash._basecreatecallback/-/lodash._basecreatecallback-2.4.1.tgz",
                              "dependencies": {
                                "lodash.bind": {
                                  "version": "2.4.1",
                                  "from": "lodash.bind@~2.4.1",
                                  "resolved": "https://registry.npmjs.org/lodash.bind/-/lodash.bind-2.4.1.tgz",
                                  "dependencies": {
                                    "lodash._createwrapper": {
                                      "version": "2.4.1",
                                      "from": "lodash._createwrapper@~2.4.1",
                                      "resolved": "https://registry.npmjs.org/lodash._createwrapper/-/lodash._createwrapper-2.4.1.tgz",
                                      "dependencies": {
                                        "lodash._basebind": {
                                          "version": "2.4.1",
                                          "from": "lodash._basebind@~2.4.1",
                                          "resolved": "https://registry.npmjs.org/lodash._basebind/-/lodash._basebind-2.4.1.tgz",
                                          "dependencies": {
                                            "lodash._basecreate": {
                                              "version": "2.4.1",
                                              "from": "lodash._basecreate@~2.4.1",
                                              "resolved": "https://registry.npmjs.org/lodash._basecreate/-/lodash._basecreate-2.4.1.tgz",
                                              "dependencies": {
                                                "lodash._isnative": {
                                                  "version": "2.4.1",
                                                  "from": "lodash._isnative@~2.4.1",
                                                  "resolved": "https://registry.npmjs.org/lodash._isnative/-/lodash._isnative-2.4.1.tgz"
                                                },
                                                "lodash.noop": {
                                                  "version": "2.4.1",
                                                  "from": "lodash.noop@~2.4.1",
                                                  "resolved": "https://registry.npmjs.org/lodash.noop/-/lodash.noop-2.4.1.tgz"
                                                }
                                              }
                                            }
                                          }
                                        },
                                        "lodash._basecreatewrapper": {
                                          "version": "2.4.1",
                                          "from": "lodash._basecreatewrapper@~2.4.1",
                                          "resolved": "https://registry.npmjs.org/lodash._basecreatewrapper/-/lodash._basecreatewrapper-2.4.1.tgz",
                                          "dependencies": {
                                            "lodash._basecreate": {
                                              "version": "2.4.1",
                                              "from": "lodash._basecreate@~2.4.1",
                                              "resolved": "https://registry.npmjs.org/lodash._basecreate/-/lodash._basecreate-2.4.1.tgz",
                                              "dependencies": {
                                                "lodash._isnative": {
                                                  "version": "2.4.1",
                                                  "from": "lodash._isnative@~2.4.1",
                                                  "resolved": "https://registry.npmjs.org/lodash._isnative/-/lodash._isnative-2.4.1.tgz"
                                                },
                                                "lodash.noop": {
                                                  "version": "2.4.1",
                                                  "from": "lodash.noop@~2.4.1",
                                                  "resolved": "https://registry.npmjs.org/lodash.noop/-/lodash.noop-2.4.1.tgz"
                                                }
                                              }
                                            }
                                          }
                                        },
                                        "lodash.isfunction": {
                                          "version": "2.4.1",
                                          "from": "lodash.isfunction@~2.4.1",
                                          "resolved": "https://registry.npmjs.org/lodash.isfunction/-/lodash.isfunction-2.4.1.tgz"
                                        }
                                      }
                                    },
                                    "lodash._slice": {
                                      "version": "2.4.1",
                                      "from": "lodash._slice@~2.4.1",
                                      "resolved": "https://registry.npmjs.org/lodash._slice/-/lodash._slice-2.4.1.tgz"
                                    }
                                  }
                                },
                                "lodash.identity": {
                                  "version": "2.4.1",
                                  "from": "lodash.identity@~2.4.1",
                                  "resolved": "https://registry.npmjs.org/lodash.identity/-/lodash.identity-2.4.1.tgz"
                                },
                                "lodash._setbinddata": {
                                  "version": "2.4.1",
                                  "from": "lodash._setbinddata@~2.4.1",
                                  "resolved": "https://registry.npmjs.org/lodash._setbinddata/-/lodash._setbinddata-2.4.1.tgz",
                                  "dependencies": {
                                    "lodash._isnative": {
                                      "version": "2.4.1",
                                      "from": "lodash._isnative@~2.4.1",
                                      "resolved": "https://registry.npmjs.org/lodash._isnative/-/lodash._isnative-2.4.1.tgz"
                                    },
                                    "lodash.noop": {
                                      "version": "2.4.1",
                                      "from": "lodash.noop@~2.4.1",
                                      "resolved": "https://registry.npmjs.org/lodash.noop/-/lodash.noop-2.4.1.tgz"
                                    }
                                  }
                                },
                                "lodash.support": {
                                  "version": "2.4.1",
                                  "from": "lodash.support@~2.4.1",
                                  "resolved": "https://registry.npmjs.org/lodash.support/-/lodash.support-2.4.1.tgz",
                                  "dependencies": {
                                    "lodash._isnative": {
                                      "version": "2.4.1",
                                      "from": "lodash._isnative@~2.4.1",
                                      "resolved": "https://registry.npmjs.org/lodash._isnative/-/lodash._isnative-2.4.1.tgz"
                                    }
                                  }
                                }
                              }
                            },
                            "lodash._baseisequal": {
                              "version": "2.4.1",
                              "from": "lodash._baseisequal@~2.4.1",
                              "resolved": "https://registry.npmjs.org/lodash._baseisequal/-/lodash._baseisequal-2.4.1.tgz",
                              "dependencies": {
                                "lodash.forin": {
                                  "version": "2.4.1",
                                  "from": "lodash.forin@~2.4.1",
                                  "resolved": "https://registry.npmjs.org/lodash.forin/-/lodash.forin-2.4.1.tgz"
                                },
                                "lodash._getarray": {
                                  "version": "2.4.1",
                                  "from": "lodash._getarray@~2.4.1",
                                  "resolved": "https://registry.npmjs.org/lodash._getarray/-/lodash._getarray-2.4.1.tgz",
                                  "dependencies": {
                                    "lodash._arraypool": {
                                      "version": "2.4.1",
                                      "from": "lodash._arraypool@~2.4.1",
                                      "resolved": "https://registry.npmjs.org/lodash._arraypool/-/lodash._arraypool-2.4.1.tgz"
                                    }
                                  }
                                },
                                "lodash.isfunction": {
                                  "version": "2.4.1",
                                  "from": "lodash.isfunction@~2.4.1",
                                  "resolved": "https://registry.npmjs.org/lodash.isfunction/-/lodash.isfunction-2.4.1.tgz"
                                },
                                "lodash._objecttypes": {
                                  "version": "2.4.1",
                                  "from": "lodash._objecttypes@~2.4.1",
                                  "resolved": "https://registry.npmjs.org/lodash._objecttypes/-/lodash._objecttypes-2.4.1.tgz"
                                },
                                "lodash._releasearray": {
                                  "version": "2.4.1",
                                  "from": "lodash._releasearray@~2.4.1",
                                  "resolved": "https://registry.npmjs.org/lodash._releasearray/-/lodash._releasearray-2.4.1.tgz",
                                  "dependencies": {
                                    "lodash._arraypool": {
                                      "version": "2.4.1",
                                      "from": "lodash._arraypool@~2.4.1",
                                      "resolved": "https://registry.npmjs.org/lodash._arraypool/-/lodash._arraypool-2.4.1.tgz"
                                    },
                                    "lodash._maxpoolsize": {
                                      "version": "2.4.1",
                                      "from": "lodash._maxpoolsize@~2.4.1",
                                      "resolved": "https://registry.npmjs.org/lodash._maxpoolsize/-/lodash._maxpoolsize-2.4.1.tgz"
                                    }
                                  }
                                }
                              }
                            },
                            "lodash.isobject": {
                              "version": "2.4.1",
                              "from": "lodash.isobject@~2.4.1",
                              "resolved": "https://registry.npmjs.org/lodash.isobject/-/lodash.isobject-2.4.1.tgz",
                              "dependencies": {
                                "lodash._objecttypes": {
                                  "version": "2.4.1",
                                  "from": "lodash._objecttypes@~2.4.1",
                                  "resolved": "https://registry.npmjs.org/lodash._objecttypes/-/lodash._objecttypes-2.4.1.tgz"
                                }
                              }
                            },
                            "lodash.keys": {
                              "version": "2.4.1",
                              "from": "lodash.keys@~2.4.1",
                              "resolved": "https://registry.npmjs.org/lodash.keys/-/lodash.keys-2.4.1.tgz",
                              "dependencies": {
                                "lodash._isnative": {
                                  "version": "2.4.1",
                                  "from": "lodash._isnative@~2.4.1",
                                  "resolved": "https://registry.npmjs.org/lodash._isnative/-/lodash._isnative-2.4.1.tgz"
                                },
                                "lodash._shimkeys": {
                                  "version": "2.4.1",
                                  "from": "lodash._shimkeys@~2.4.1",
                                  "resolved": "https://registry.npmjs.org/lodash._shimkeys/-/lodash._shimkeys-2.4.1.tgz",
                                  "dependencies": {
                                    "lodash._objecttypes": {
                                      "version": "2.4.1",
                                      "from": "lodash._objecttypes@~2.4.1",
                                      "resolved": "https://registry.npmjs.org/lodash._objecttypes/-/lodash._objecttypes-2.4.1.tgz"
                                    }
                                  }
                                }
                              }
                            },
                            "lodash.property": {
                              "version": "2.4.1",
                              "from": "lodash.property@~2.4.1",
                              "resolved": "https://registry.npmjs.org/lodash.property/-/lodash.property-2.4.1.tgz"
                            }
                          }
                        }
                      }
                    }
                  }
                },
                "unique-stream": {
                  "version": "1.0.0",
                  "from": "unique-stream@^1.0.0",
                  "resolved": "https://registry.npmjs.org/unique-stream/-/unique-stream-1.0.0.tgz"
                },
                "through": {
                  "version": "2.3.4",
                  "from": "through@^2.3.4",
                  "resolved": "https://registry.npmjs.org/through/-/through-2.3.4.tgz"
                }
              }
            },
            "glob-watcher": {
              "version": "0.0.6",
              "from": "glob-watcher@^0.0.6",
              "resolved": "https://registry.npmjs.org/glob-watcher/-/glob-watcher-0.0.6.tgz",
              "dependencies": {
                "gaze": {
                  "version": "0.5.1",
                  "from": "gaze@^0.5.1",
                  "resolved": "https://registry.npmjs.org/gaze/-/gaze-0.5.1.tgz",
                  "dependencies": {
                    "globule": {
                      "version": "0.1.0",
                      "from": "globule@~0.1.0",
                      "resolved": "https://registry.npmjs.org/globule/-/globule-0.1.0.tgz",
                      "dependencies": {
                        "lodash": {
                          "version": "1.0.1",
                          "from": "lodash@~1.0.1",
                          "resolved": "https://registry.npmjs.org/lodash/-/lodash-1.0.1.tgz"
                        },
                        "glob": {
                          "version": "3.1.21",
                          "from": "glob@~3.1.21",
                          "resolved": "https://registry.npmjs.org/glob/-/glob-3.1.21.tgz",
                          "dependencies": {
                            "graceful-fs": {
                              "version": "1.2.3",
                              "from": "graceful-fs@~1.2.0",
                              "resolved": "https://registry.npmjs.org/graceful-fs/-/graceful-fs-1.2.3.tgz"
                            },
                            "inherits": {
                              "version": "1.0.0",
                              "from": "inherits@1",
                              "resolved": "https://registry.npmjs.org/inherits/-/inherits-1.0.0.tgz"
                            }
                          }
                        },
                        "minimatch": {
                          "version": "0.2.14",
                          "from": "minimatch@~0.2.11",
                          "resolved": "https://registry.npmjs.org/minimatch/-/minimatch-0.2.14.tgz",
                          "dependencies": {
                            "lru-cache": {
                              "version": "2.5.0",
                              "from": "lru-cache@2",
                              "resolved": "https://registry.npmjs.org/lru-cache/-/lru-cache-2.5.0.tgz"
                            },
                            "sigmund": {
                              "version": "1.0.0",
                              "from": "sigmund@~1.0.0",
                              "resolved": "https://registry.npmjs.org/sigmund/-/sigmund-1.0.0.tgz"
                            }
                          }
                        }
                      }
                    }
                  }
                }
              }
            },
            "mkdirp": {
              "version": "0.3.5",
              "from": "mkdirp@^0.3.5",
              "resolved": "https://registry.npmjs.org/mkdirp/-/mkdirp-0.3.5.tgz"
            },
            "graceful-fs": {
              "version": "2.0.3",
              "from": "graceful-fs@^2.0.1",
              "resolved": "https://registry.npmjs.org/graceful-fs/-/graceful-fs-2.0.3.tgz"
            },
            "map-stream": {
              "version": "0.1.0",
              "from": "map-stream@^0.1.0",
              "resolved": "https://registry.npmjs.org/map-stream/-/map-stream-0.1.0.tgz"
            }
          }
        }
      }
    },
    "gulp-rename": {
      "version": "1.2.0",
      "from": "gulp-rename@~1.2.0",
      "resolved": "https://registry.npmjs.org/gulp-rename/-/gulp-rename-1.2.0.tgz"
    },
    "handlebars": {
      "version": "2.0.0-alpha.4",
      "from": "handlebars@~2.0.0-alpha.4",
      "resolved": "https://registry.npmjs.org/handlebars/-/handlebars-2.0.0-alpha.4.tgz",
      "dependencies": {
        "optimist": {
          "version": "0.3.7",
          "from": "optimist@~0.3",
          "resolved": "https://registry.npmjs.org/optimist/-/optimist-0.3.7.tgz",
          "dependencies": {
            "wordwrap": {
              "version": "0.0.2",
              "from": "wordwrap@~0.0.2",
              "resolved": "https://registry.npmjs.org/wordwrap/-/wordwrap-0.0.2.tgz"
            }
          }
        },
        "uglify-js": {
          "version": "2.3.6",
          "from": "uglify-js@~2.3",
          "resolved": "https://registry.npmjs.org/uglify-js/-/uglify-js-2.3.6.tgz",
          "dependencies": {
            "async": {
              "version": "0.2.10",
              "from": "async@~0.2.6",
              "resolved": "https://registry.npmjs.org/async/-/async-0.2.10.tgz"
            },
            "source-map": {
              "version": "0.1.33",
              "from": "source-map@~0.1.7",
              "resolved": "https://registry.npmjs.org/source-map/-/source-map-0.1.33.tgz",
              "dependencies": {
                "amdefine": {
                  "version": "0.1.0",
                  "from": "amdefine@>=0.0.4",
                  "resolved": "https://registry.npmjs.org/amdefine/-/amdefine-0.1.0.tgz"
                }
              }
            }
          }
        }
      }
    }
  }
}
